// !$*UTF8*$!
{
	archiveVersion = 1;
	classes = {
	};
	objectVersion = 50;
	objects = {

/* Begin PBXBuildFile section */
		6554A4AF20F6F2090052BDA5 /* HomeHeaderReusableView.m in Sources */ = {isa = PBXBuildFile; fileRef = 6554A4AE20F6F2090052BDA5 /* HomeHeaderReusableView.m */; };
		6554A4FA20F6F7680052BDA5 /* GuangfishAPIBaseManager.m in Sources */ = {isa = PBXBuildFile; fileRef = 6554A4C720F6F7660052BDA5 /* GuangfishAPIBaseManager.m */; };
		6554A4FB20F6F7680052BDA5 /* GuangfishNetworkingManager.m in Sources */ = {isa = PBXBuildFile; fileRef = 6554A4C820F6F7660052BDA5 /* GuangfishNetworkingManager.m */; };
		6554A50320F6F7680052BDA5 /* GuangfishLoginAPIManager.m in Sources */ = {isa = PBXBuildFile; fileRef = 6554A4E220F6F7670052BDA5 /* GuangfishLoginAPIManager.m */; };
		6554A51120F6F7680052BDA5 /* GuangfishNetworking.m in Sources */ = {isa = PBXBuildFile; fileRef = 6554A4F520F6F7670052BDA5 /* GuangfishNetworking.m */; };
		6554A51220F6F7680052BDA5 /* GuangfishAPIUrlConfigManager.m in Sources */ = {isa = PBXBuildFile; fileRef = 6554A4F920F6F7670052BDA5 /* GuangfishAPIUrlConfigManager.m */; };
		6554A51420F71F380052BDA5 /* Login.storyboard in Resources */ = {isa = PBXBuildFile; fileRef = 6554A51320F71F380052BDA5 /* Login.storyboard */; };
		6554A51820F721440052BDA5 /* LoginViewController.m in Sources */ = {isa = PBXBuildFile; fileRef = 6554A51720F721440052BDA5 /* LoginViewController.m */; };
		6554A51B20F721770052BDA5 /* LoginVM.m in Sources */ = {isa = PBXBuildFile; fileRef = 6554A51A20F721770052BDA5 /* LoginVM.m */; };
		6554A51E20F7283E0052BDA5 /* GuangfishGetSmsCodeAPIManager.m in Sources */ = {isa = PBXBuildFile; fileRef = 6554A51D20F7283E0052BDA5 /* GuangfishGetSmsCodeAPIManager.m */; };
		6554A52120F7291F0052BDA5 /* GuangfishRegisterAPIManager.m in Sources */ = {isa = PBXBuildFile; fileRef = 6554A52020F7291F0052BDA5 /* GuangfishRegisterAPIManager.m */; };
		6554A52420F72ADA0052BDA5 /* GuangfishDrawstatsAPIManager.m in Sources */ = {isa = PBXBuildFile; fileRef = 6554A52320F72ADA0052BDA5 /* GuangfishDrawstatsAPIManager.m */; };
		6554A52720F72EA80052BDA5 /* GuangfishProductInfoAPIManager.m in Sources */ = {isa = PBXBuildFile; fileRef = 6554A52620F72EA80052BDA5 /* GuangfishProductInfoAPIManager.m */; };
		6554A52A20F72F7D0052BDA5 /* GuangfishOrdersaveAPIManager.m in Sources */ = {isa = PBXBuildFile; fileRef = 6554A52920F72F7D0052BDA5 /* GuangfishOrdersaveAPIManager.m */; };
		6554A52D20F730290052BDA5 /* GuangfishFriendlistAPIManager.m in Sources */ = {isa = PBXBuildFile; fileRef = 6554A52C20F730290052BDA5 /* GuangfishFriendlistAPIManager.m */; };
		6554A53020F730910052BDA5 /* GuangfishOrderlistAPIManager.m in Sources */ = {isa = PBXBuildFile; fileRef = 6554A52F20F730910052BDA5 /* GuangfishOrderlistAPIManager.m */; };
		6554A53320F733970052BDA5 /* GuangfishOrderrewardlistAPIManager.m in Sources */ = {isa = PBXBuildFile; fileRef = 6554A53220F733970052BDA5 /* GuangfishOrderrewardlistAPIManager.m */; };
		6554A53620F734010052BDA5 /* GuangfishBannerAPIManager.m in Sources */ = {isa = PBXBuildFile; fileRef = 6554A53520F734010052BDA5 /* GuangfishBannerAPIManager.m */; };
		6554A53920F734530052BDA5 /* GuangfishDrawAPIManager.m in Sources */ = {isa = PBXBuildFile; fileRef = 6554A53820F734530052BDA5 /* GuangfishDrawAPIManager.m */; };
		6584EB4620F63F9B009A381D /* AppDelegate.m in Sources */ = {isa = PBXBuildFile; fileRef = 6584EB4520F63F9B009A381D /* AppDelegate.m */; };
		6584EB4C20F63F9B009A381D /* Main.storyboard in Resources */ = {isa = PBXBuildFile; fileRef = 6584EB4A20F63F9B009A381D /* Main.storyboard */; };
		6584EB4E20F63F9D009A381D /* Assets.xcassets in Resources */ = {isa = PBXBuildFile; fileRef = 6584EB4D20F63F9D009A381D /* Assets.xcassets */; };
		6584EB5120F63F9D009A381D /* LaunchScreen.storyboard in Resources */ = {isa = PBXBuildFile; fileRef = 6584EB4F20F63F9D009A381D /* LaunchScreen.storyboard */; };
		6584EB5420F63F9D009A381D /* main.m in Sources */ = {isa = PBXBuildFile; fileRef = 6584EB5320F63F9D009A381D /* main.m */; };
		6584EB6820F653AD009A381D /* img_setting@2x.png in Resources */ = {isa = PBXBuildFile; fileRef = 6584EB6620F653AD009A381D /* img_setting@2x.png */; };
		6584EB6920F653AD009A381D /* img_setting@3x.png in Resources */ = {isa = PBXBuildFile; fileRef = 6584EB6720F653AD009A381D /* img_setting@3x.png */; };
		6584EB6C20F654B2009A381D /* HomeViewController.m in Sources */ = {isa = PBXBuildFile; fileRef = 6584EB6B20F654B2009A381D /* HomeViewController.m */; };
		9924FE4CD6C0634BFA7D3697 /* libPods-GuangFish.a in Frameworks */ = {isa = PBXBuildFile; fileRef = 719DCBD3BAF4D380BC45BBC5 /* libPods-GuangFish.a */; };
/* End PBXBuildFile section */

/* Begin PBXFileReference section */
		4F4B50EB13D9012ED8AE1DA8 /* Pods-GuangFish.debug.xcconfig */ = {isa = PBXFileReference; includeInIndex = 1; lastKnownFileType = text.xcconfig; name = "Pods-GuangFish.debug.xcconfig"; path = "Pods/Target Support Files/Pods-GuangFish/Pods-GuangFish.debug.xcconfig"; sourceTree = "<group>"; };
		6554A4AD20F6F2090052BDA5 /* HomeHeaderReusableView.h */ = {isa = PBXFileReference; lastKnownFileType = sourcecode.c.h; path = HomeHeaderReusableView.h; sourceTree = "<group>"; };
		6554A4AE20F6F2090052BDA5 /* HomeHeaderReusableView.m */ = {isa = PBXFileReference; lastKnownFileType = sourcecode.c.objc; path = HomeHeaderReusableView.m; sourceTree = "<group>"; };
		6554A4C720F6F7660052BDA5 /* GuangfishAPIBaseManager.m */ = {isa = PBXFileReference; fileEncoding = 4; lastKnownFileType = sourcecode.c.objc; path = GuangfishAPIBaseManager.m; sourceTree = "<group>"; };
		6554A4C820F6F7660052BDA5 /* GuangfishNetworkingManager.m */ = {isa = PBXFileReference; fileEncoding = 4; lastKnownFileType = sourcecode.c.objc; path = GuangfishNetworkingManager.m; sourceTree = "<group>"; };
		6554A4C920F6F7660052BDA5 /* GuangfishNetworking.h */ = {isa = PBXFileReference; fileEncoding = 4; lastKnownFileType = sourcecode.c.h; path = GuangfishNetworking.h; sourceTree = "<group>"; };
		6554A4CE20F6F7670052BDA5 /* GuangfishLoginAPIManager.h */ = {isa = PBXFileReference; fileEncoding = 4; lastKnownFileType = sourcecode.c.h; path = GuangfishLoginAPIManager.h; sourceTree = "<group>"; };
		6554A4E220F6F7670052BDA5 /* GuangfishLoginAPIManager.m */ = {isa = PBXFileReference; fileEncoding = 4; lastKnownFileType = sourcecode.c.objc; path = GuangfishLoginAPIManager.m; sourceTree = "<group>"; };
		6554A4F520F6F7670052BDA5 /* GuangfishNetworking.m */ = {isa = PBXFileReference; fileEncoding = 4; lastKnownFileType = sourcecode.c.objc; path = GuangfishNetworking.m; sourceTree = "<group>"; };
		6554A4F620F6F7670052BDA5 /* GuangfishAPIUrlConfigManager.h */ = {isa = PBXFileReference; fileEncoding = 4; lastKnownFileType = sourcecode.c.h; path = GuangfishAPIUrlConfigManager.h; sourceTree = "<group>"; };
		6554A4F720F6F7670052BDA5 /* GuangfishNetworkingManager.h */ = {isa = PBXFileReference; fileEncoding = 4; lastKnownFileType = sourcecode.c.h; path = GuangfishNetworkingManager.h; sourceTree = "<group>"; };
		6554A4F820F6F7670052BDA5 /* GuangfishAPIBaseManager.h */ = {isa = PBXFileReference; fileEncoding = 4; lastKnownFileType = sourcecode.c.h; path = GuangfishAPIBaseManager.h; sourceTree = "<group>"; };
		6554A4F920F6F7670052BDA5 /* GuangfishAPIUrlConfigManager.m */ = {isa = PBXFileReference; fileEncoding = 4; lastKnownFileType = sourcecode.c.objc; path = GuangfishAPIUrlConfigManager.m; sourceTree = "<group>"; };
		6554A51320F71F380052BDA5 /* Login.storyboard */ = {isa = PBXFileReference; lastKnownFileType = file.storyboard; path = Login.storyboard; sourceTree = "<group>"; };
		6554A51620F721440052BDA5 /* LoginViewController.h */ = {isa = PBXFileReference; lastKnownFileType = sourcecode.c.h; path = LoginViewController.h; sourceTree = "<group>"; };
		6554A51720F721440052BDA5 /* LoginViewController.m */ = {isa = PBXFileReference; lastKnownFileType = sourcecode.c.objc; path = LoginViewController.m; sourceTree = "<group>"; };
		6554A51920F721770052BDA5 /* LoginVM.h */ = {isa = PBXFileReference; lastKnownFileType = sourcecode.c.h; path = LoginVM.h; sourceTree = "<group>"; };
		6554A51A20F721770052BDA5 /* LoginVM.m */ = {isa = PBXFileReference; lastKnownFileType = sourcecode.c.objc; path = LoginVM.m; sourceTree = "<group>"; };
		6554A51C20F7283E0052BDA5 /* GuangfishGetSmsCodeAPIManager.h */ = {isa = PBXFileReference; lastKnownFileType = sourcecode.c.h; path = GuangfishGetSmsCodeAPIManager.h; sourceTree = "<group>"; };
		6554A51D20F7283E0052BDA5 /* GuangfishGetSmsCodeAPIManager.m */ = {isa = PBXFileReference; lastKnownFileType = sourcecode.c.objc; path = GuangfishGetSmsCodeAPIManager.m; sourceTree = "<group>"; };
		6554A51F20F7291F0052BDA5 /* GuangfishRegisterAPIManager.h */ = {isa = PBXFileReference; lastKnownFileType = sourcecode.c.h; path = GuangfishRegisterAPIManager.h; sourceTree = "<group>"; };
		6554A52020F7291F0052BDA5 /* GuangfishRegisterAPIManager.m */ = {isa = PBXFileReference; lastKnownFileType = sourcecode.c.objc; path = GuangfishRegisterAPIManager.m; sourceTree = "<group>"; };
		6554A52220F72ADA0052BDA5 /* GuangfishDrawstatsAPIManager.h */ = {isa = PBXFileReference; lastKnownFileType = sourcecode.c.h; path = GuangfishDrawstatsAPIManager.h; sourceTree = "<group>"; };
		6554A52320F72ADA0052BDA5 /* GuangfishDrawstatsAPIManager.m */ = {isa = PBXFileReference; lastKnownFileType = sourcecode.c.objc; path = GuangfishDrawstatsAPIManager.m; sourceTree = "<group>"; };
		6554A52520F72EA80052BDA5 /* GuangfishProductInfoAPIManager.h */ = {isa = PBXFileReference; lastKnownFileType = sourcecode.c.h; path = GuangfishProductInfoAPIManager.h; sourceTree = "<group>"; };
		6554A52620F72EA80052BDA5 /* GuangfishProductInfoAPIManager.m */ = {isa = PBXFileReference; lastKnownFileType = sourcecode.c.objc; path = GuangfishProductInfoAPIManager.m; sourceTree = "<group>"; };
		6554A52820F72F7D0052BDA5 /* GuangfishOrdersaveAPIManager.h */ = {isa = PBXFileReference; lastKnownFileType = sourcecode.c.h; path = GuangfishOrdersaveAPIManager.h; sourceTree = "<group>"; };
		6554A52920F72F7D0052BDA5 /* GuangfishOrdersaveAPIManager.m */ = {isa = PBXFileReference; lastKnownFileType = sourcecode.c.objc; path = GuangfishOrdersaveAPIManager.m; sourceTree = "<group>"; };
		6554A52B20F730290052BDA5 /* GuangfishFriendlistAPIManager.h */ = {isa = PBXFileReference; lastKnownFileType = sourcecode.c.h; path = GuangfishFriendlistAPIManager.h; sourceTree = "<group>"; };
		6554A52C20F730290052BDA5 /* GuangfishFriendlistAPIManager.m */ = {isa = PBXFileReference; lastKnownFileType = sourcecode.c.objc; path = GuangfishFriendlistAPIManager.m; sourceTree = "<group>"; };
		6554A52E20F730910052BDA5 /* GuangfishOrderlistAPIManager.h */ = {isa = PBXFileReference; lastKnownFileType = sourcecode.c.h; path = GuangfishOrderlistAPIManager.h; sourceTree = "<group>"; };
		6554A52F20F730910052BDA5 /* GuangfishOrderlistAPIManager.m */ = {isa = PBXFileReference; lastKnownFileType = sourcecode.c.objc; path = GuangfishOrderlistAPIManager.m; sourceTree = "<group>"; };
		6554A53120F733970052BDA5 /* GuangfishOrderrewardlistAPIManager.h */ = {isa = PBXFileReference; lastKnownFileType = sourcecode.c.h; path = GuangfishOrderrewardlistAPIManager.h; sourceTree = "<group>"; };
		6554A53220F733970052BDA5 /* GuangfishOrderrewardlistAPIManager.m */ = {isa = PBXFileReference; lastKnownFileType = sourcecode.c.objc; path = GuangfishOrderrewardlistAPIManager.m; sourceTree = "<group>"; };
		6554A53420F734010052BDA5 /* GuangfishBannerAPIManager.h */ = {isa = PBXFileReference; lastKnownFileType = sourcecode.c.h; path = GuangfishBannerAPIManager.h; sourceTree = "<group>"; };
		6554A53520F734010052BDA5 /* GuangfishBannerAPIManager.m */ = {isa = PBXFileReference; lastKnownFileType = sourcecode.c.objc; path = GuangfishBannerAPIManager.m; sourceTree = "<group>"; };
		6554A53720F734530052BDA5 /* GuangfishDrawAPIManager.h */ = {isa = PBXFileReference; lastKnownFileType = sourcecode.c.h; path = GuangfishDrawAPIManager.h; sourceTree = "<group>"; };
		6554A53820F734530052BDA5 /* GuangfishDrawAPIManager.m */ = {isa = PBXFileReference; lastKnownFileType = sourcecode.c.objc; path = GuangfishDrawAPIManager.m; sourceTree = "<group>"; };
		6584EB4120F63F9B009A381D /* GuangFish.app */ = {isa = PBXFileReference; explicitFileType = wrapper.application; includeInIndex = 0; path = GuangFish.app; sourceTree = BUILT_PRODUCTS_DIR; };
		6584EB4420F63F9B009A381D /* AppDelegate.h */ = {isa = PBXFileReference; lastKnownFileType = sourcecode.c.h; path = AppDelegate.h; sourceTree = "<group>"; };
		6584EB4520F63F9B009A381D /* AppDelegate.m */ = {isa = PBXFileReference; lastKnownFileType = sourcecode.c.objc; path = AppDelegate.m; sourceTree = "<group>"; };
		6584EB4B20F63F9B009A381D /* Base */ = {isa = PBXFileReference; lastKnownFileType = file.storyboard; name = Base; path = Base.lproj/Main.storyboard; sourceTree = "<group>"; };
		6584EB4D20F63F9D009A381D /* Assets.xcassets */ = {isa = PBXFileReference; lastKnownFileType = folder.assetcatalog; path = Assets.xcassets; sourceTree = "<group>"; };
		6584EB5020F63F9D009A381D /* Base */ = {isa = PBXFileReference; lastKnownFileType = file.storyboard; name = Base; path = Base.lproj/LaunchScreen.storyboard; sourceTree = "<group>"; };
		6584EB5220F63F9D009A381D /* Info.plist */ = {isa = PBXFileReference; lastKnownFileType = text.plist.xml; path = Info.plist; sourceTree = "<group>"; };
		6584EB5320F63F9D009A381D /* main.m */ = {isa = PBXFileReference; lastKnownFileType = sourcecode.c.objc; path = main.m; sourceTree = "<group>"; };
		6584EB6620F653AD009A381D /* img_setting@2x.png */ = {isa = PBXFileReference; lastKnownFileType = image.png; path = "img_setting@2x.png"; sourceTree = "<group>"; };
		6584EB6720F653AD009A381D /* img_setting@3x.png */ = {isa = PBXFileReference; lastKnownFileType = image.png; path = "img_setting@3x.png"; sourceTree = "<group>"; };
		6584EB6A20F654B2009A381D /* HomeViewController.h */ = {isa = PBXFileReference; lastKnownFileType = sourcecode.c.h; path = HomeViewController.h; sourceTree = "<group>"; };
		6584EB6B20F654B2009A381D /* HomeViewController.m */ = {isa = PBXFileReference; lastKnownFileType = sourcecode.c.objc; path = HomeViewController.m; sourceTree = "<group>"; };
		719DCBD3BAF4D380BC45BBC5 /* libPods-GuangFish.a */ = {isa = PBXFileReference; explicitFileType = archive.ar; includeInIndex = 0; path = "libPods-GuangFish.a"; sourceTree = BUILT_PRODUCTS_DIR; };
		EAC8F74D5F1BE7B8071D765E /* Pods-GuangFish.release.xcconfig */ = {isa = PBXFileReference; includeInIndex = 1; lastKnownFileType = text.xcconfig; name = "Pods-GuangFish.release.xcconfig"; path = "Pods/Target Support Files/Pods-GuangFish/Pods-GuangFish.release.xcconfig"; sourceTree = "<group>"; };
/* End PBXFileReference section */

/* Begin PBXFrameworksBuildPhase section */
		6584EB3E20F63F9B009A381D /* Frameworks */ = {
			isa = PBXFrameworksBuildPhase;
			buildActionMask = 2147483647;
			files = (
				9924FE4CD6C0634BFA7D3697 /* libPods-GuangFish.a in Frameworks */,
			);
			runOnlyForDeploymentPostprocessing = 0;
		};
/* End PBXFrameworksBuildPhase section */

/* Begin PBXGroup section */
		121B316FBB76FAE16DA0FC5B /* Frameworks */ = {
			isa = PBXGroup;
			children = (
				719DCBD3BAF4D380BC45BBC5 /* libPods-GuangFish.a */,
			);
			name = Frameworks;
			sourceTree = "<group>";
		};
		6554A4AC20F6F1EA0052BDA5 /* Views */ = {
			isa = PBXGroup;
			children = (
				6554A4AD20F6F2090052BDA5 /* HomeHeaderReusableView.h */,
				6554A4AE20F6F2090052BDA5 /* HomeHeaderReusableView.m */,
			);
			path = Views;
			sourceTree = "<group>";
		};
		6554A4B020F6F62D0052BDA5 /* Networking */ = {
			isa = PBXGroup;
			children = (
				6554A4CA20F6F7670052BDA5 /* TtkAPIManagers */,
				6554A4F820F6F7670052BDA5 /* GuangfishAPIBaseManager.h */,
				6554A4C720F6F7660052BDA5 /* GuangfishAPIBaseManager.m */,
				6554A4F620F6F7670052BDA5 /* GuangfishAPIUrlConfigManager.h */,
				6554A4F920F6F7670052BDA5 /* GuangfishAPIUrlConfigManager.m */,
				6554A4F720F6F7670052BDA5 /* GuangfishNetworkingManager.h */,
				6554A4C820F6F7660052BDA5 /* GuangfishNetworkingManager.m */,
				6554A4C920F6F7660052BDA5 /* GuangfishNetworking.h */,
				6554A4F520F6F7670052BDA5 /* GuangfishNetworking.m */,
			);
			path = Networking;
			sourceTree = "<group>";
		};
		6554A4CA20F6F7670052BDA5 /* TtkAPIManagers */ = {
			isa = PBXGroup;
			children = (
				6554A4CE20F6F7670052BDA5 /* GuangfishLoginAPIManager.h */,
				6554A4E220F6F7670052BDA5 /* GuangfishLoginAPIManager.m */,
				6554A51C20F7283E0052BDA5 /* GuangfishGetSmsCodeAPIManager.h */,
				6554A51D20F7283E0052BDA5 /* GuangfishGetSmsCodeAPIManager.m */,
				6554A51F20F7291F0052BDA5 /* GuangfishRegisterAPIManager.h */,
				6554A52020F7291F0052BDA5 /* GuangfishRegisterAPIManager.m */,
				6554A52220F72ADA0052BDA5 /* GuangfishDrawstatsAPIManager.h */,
				6554A52320F72ADA0052BDA5 /* GuangfishDrawstatsAPIManager.m */,
				6554A52520F72EA80052BDA5 /* GuangfishProductInfoAPIManager.h */,
				6554A52620F72EA80052BDA5 /* GuangfishProductInfoAPIManager.m */,
				6554A52820F72F7D0052BDA5 /* GuangfishOrdersaveAPIManager.h */,
				6554A52920F72F7D0052BDA5 /* GuangfishOrdersaveAPIManager.m */,
				6554A52B20F730290052BDA5 /* GuangfishFriendlistAPIManager.h */,
				6554A52C20F730290052BDA5 /* GuangfishFriendlistAPIManager.m */,
				6554A52E20F730910052BDA5 /* GuangfishOrderlistAPIManager.h */,
				6554A52F20F730910052BDA5 /* GuangfishOrderlistAPIManager.m */,
				6554A53120F733970052BDA5 /* GuangfishOrderrewardlistAPIManager.h */,
				6554A53220F733970052BDA5 /* GuangfishOrderrewardlistAPIManager.m */,
				6554A53420F734010052BDA5 /* GuangfishBannerAPIManager.h */,
				6554A53520F734010052BDA5 /* GuangfishBannerAPIManager.m */,
				6554A53720F734530052BDA5 /* GuangfishDrawAPIManager.h */,
				6554A53820F734530052BDA5 /* GuangfishDrawAPIManager.m */,
			);
			path = TtkAPIManagers;
			sourceTree = "<group>";
		};
		6554A51520F721330052BDA5 /* Login */ = {
			isa = PBXGroup;
			children = (
				6554A51620F721440052BDA5 /* LoginViewController.h */,
				6554A51720F721440052BDA5 /* LoginViewController.m */,
				6554A51920F721770052BDA5 /* LoginVM.h */,
				6554A51A20F721770052BDA5 /* LoginVM.m */,
			);
			path = Login;
			sourceTree = "<group>";
		};
		6584EB3820F63F9B009A381D = {
			isa = PBXGroup;
			children = (
				6584EB4320F63F9B009A381D /* GuangFish */,
				6584EB4220F63F9B009A381D /* Products */,
				ECF09B8419F7CE083D2E8D84 /* Pods */,
				121B316FBB76FAE16DA0FC5B /* Frameworks */,
			);
			sourceTree = "<group>";
		};
		6584EB4220F63F9B009A381D /* Products */ = {
			isa = PBXGroup;
			children = (
				6584EB4120F63F9B009A381D /* GuangFish.app */,
			);
			name = Products;
			sourceTree = "<group>";
		};
		6584EB4320F63F9B009A381D /* GuangFish */ = {
			isa = PBXGroup;
			children = (
				6584EB5C20F6412A009A381D /* Resource */,
				6584EB5A20F6412A009A381D /* Manager */,
				6554A4AC20F6F1EA0052BDA5 /* Views */,
				6584EB5B20F6412A009A381D /* Classes */,
				6584EB4420F63F9B009A381D /* AppDelegate.h */,
				6584EB4520F63F9B009A381D /* AppDelegate.m */,
				6584EB5220F63F9D009A381D /* Info.plist */,
				6584EB5320F63F9D009A381D /* main.m */,
			);
			path = GuangFish;
			sourceTree = "<group>";
		};
		6584EB5A20F6412A009A381D /* Manager */ = {
			isa = PBXGroup;
			children = (
			);
			path = Manager;
			sourceTree = "<group>";
		};
		6584EB5B20F6412A009A381D /* Classes */ = {
			isa = PBXGroup;
			children = (
				6554A51520F721330052BDA5 /* Login */,
				6554A4B020F6F62D0052BDA5 /* Networking */,
				6584EB6A20F654B2009A381D /* HomeViewController.h */,
				6584EB6B20F654B2009A381D /* HomeViewController.m */,
			);
			path = Classes;
			sourceTree = "<group>";
		};
		6584EB5C20F6412A009A381D /* Resource */ = {
			isa = PBXGroup;
			children = (
				6584EB5D20F6412A009A381D /* images */,
				6584EB4A20F63F9B009A381D /* Main.storyboard */,
				6554A51320F71F380052BDA5 /* Login.storyboard */,
				6584EB4D20F63F9D009A381D /* Assets.xcassets */,
				6584EB4F20F63F9D009A381D /* LaunchScreen.storyboard */,
			);
			path = Resource;
			sourceTree = "<group>";
		};
		6584EB5D20F6412A009A381D /* images */ = {
			isa = PBXGroup;
			children = (
				6584EB6620F653AD009A381D /* img_setting@2x.png */,
				6584EB6720F653AD009A381D /* img_setting@3x.png */,
			);
			path = images;
			sourceTree = "<group>";
		};
		ECF09B8419F7CE083D2E8D84 /* Pods */ = {
			isa = PBXGroup;
			children = (
				4F4B50EB13D9012ED8AE1DA8 /* Pods-GuangFish.debug.xcconfig */,
				EAC8F74D5F1BE7B8071D765E /* Pods-GuangFish.release.xcconfig */,
			);
			name = Pods;
			sourceTree = "<group>";
		};
/* End PBXGroup section */

/* Begin PBXNativeTarget section */
		6584EB4020F63F9B009A381D /* GuangFish */ = {
			isa = PBXNativeTarget;
			buildConfigurationList = 6584EB5720F63F9D009A381D /* Build configuration list for PBXNativeTarget "GuangFish" */;
			buildPhases = (
				4B5A0B4278F2CE888743FE52 /* [CP] Check Pods Manifest.lock */,
				6584EB3D20F63F9B009A381D /* Sources */,
				6584EB3E20F63F9B009A381D /* Frameworks */,
				6584EB3F20F63F9B009A381D /* Resources */,
			);
			buildRules = (
			);
			dependencies = (
			);
			name = GuangFish;
			productName = GuangFish;
			productReference = 6584EB4120F63F9B009A381D /* GuangFish.app */;
			productType = "com.apple.product-type.application";
		};
/* End PBXNativeTarget section */

/* Begin PBXProject section */
		6584EB3920F63F9B009A381D /* Project object */ = {
			isa = PBXProject;
			attributes = {
				LastUpgradeCheck = 0940;
				ORGANIZATIONNAME = guangfish;
				TargetAttributes = {
					6584EB4020F63F9B009A381D = {
						CreatedOnToolsVersion = 9.4.1;
					};
				};
			};
			buildConfigurationList = 6584EB3C20F63F9B009A381D /* Build configuration list for PBXProject "GuangFish" */;
			compatibilityVersion = "Xcode 9.3";
			developmentRegion = en;
			hasScannedForEncodings = 0;
			knownRegions = (
				en,
				Base,
			);
			mainGroup = 6584EB3820F63F9B009A381D;
			productRefGroup = 6584EB4220F63F9B009A381D /* Products */;
			projectDirPath = "";
			projectRoot = "";
			targets = (
				6584EB4020F63F9B009A381D /* GuangFish */,
			);
		};
/* End PBXProject section */

/* Begin PBXResourcesBuildPhase section */
		6584EB3F20F63F9B009A381D /* Resources */ = {
			isa = PBXResourcesBuildPhase;
			buildActionMask = 2147483647;
			files = (
				6584EB5120F63F9D009A381D /* LaunchScreen.storyboard in Resources */,
				6584EB6920F653AD009A381D /* img_setting@3x.png in Resources */,
				6554A51420F71F380052BDA5 /* Login.storyboard in Resources */,
				6584EB6820F653AD009A381D /* img_setting@2x.png in Resources */,
				6584EB4E20F63F9D009A381D /* Assets.xcassets in Resources */,
				6584EB4C20F63F9B009A381D /* Main.storyboard in Resources */,
			);
			runOnlyForDeploymentPostprocessing = 0;
		};
/* End PBXResourcesBuildPhase section */

/* Begin PBXShellScriptBuildPhase section */
		4B5A0B4278F2CE888743FE52 /* [CP] Check Pods Manifest.lock */ = {
			isa = PBXShellScriptBuildPhase;
			buildActionMask = 2147483647;
			files = (
			);
			inputPaths = (
				"${PODS_PODFILE_DIR_PATH}/Podfile.lock",
				"${PODS_ROOT}/Manifest.lock",
			);
			name = "[CP] Check Pods Manifest.lock";
			outputPaths = (
				"$(DERIVED_FILE_DIR)/Pods-GuangFish-checkManifestLockResult.txt",
			);
			runOnlyForDeploymentPostprocessing = 0;
			shellPath = /bin/sh;
			shellScript = "diff \"${PODS_PODFILE_DIR_PATH}/Podfile.lock\" \"${PODS_ROOT}/Manifest.lock\" > /dev/null\nif [ $? != 0 ] ; then\n    # print error to STDERR\n    echo \"error: The sandbox is not in sync with the Podfile.lock. Run 'pod install' or update your CocoaPods installation.\" >&2\n    exit 1\nfi\n# This output is used by Xcode 'outputs' to avoid re-running this script phase.\necho \"SUCCESS\" > \"${SCRIPT_OUTPUT_FILE_0}\"\n";
			showEnvVarsInLog = 0;
		};
/* End PBXShellScriptBuildPhase section */

/* Begin PBXSourcesBuildPhase section */
		6584EB3D20F63F9B009A381D /* Sources */ = {
			isa = PBXSourcesBuildPhase;
			buildActionMask = 2147483647;
			files = (
				6584EB5420F63F9D009A381D /* main.m in Sources */,
				6554A52720F72EA80052BDA5 /* GuangfishProductInfoAPIManager.m in Sources */,
				6554A51E20F7283E0052BDA5 /* GuangfishGetSmsCodeAPIManager.m in Sources */,
				6584EB4620F63F9B009A381D /* AppDelegate.m in Sources */,
				6554A52420F72ADA0052BDA5 /* GuangfishDrawstatsAPIManager.m in Sources */,
				6554A53620F734010052BDA5 /* GuangfishBannerAPIManager.m in Sources */,
				6554A53320F733970052BDA5 /* GuangfishOrderrewardlistAPIManager.m in Sources */,
				6554A52A20F72F7D0052BDA5 /* GuangfishOrdersaveAPIManager.m in Sources */,
				6554A53020F730910052BDA5 /* GuangfishOrderlistAPIManager.m in Sources */,
				6584EB6C20F654B2009A381D /* HomeViewController.m in Sources */,
				6554A50320F6F7680052BDA5 /* GuangfishLoginAPIManager.m in Sources */,
				6554A51B20F721770052BDA5 /* LoginVM.m in Sources */,
				6554A51820F721440052BDA5 /* LoginViewController.m in Sources */,
				6554A4AF20F6F2090052BDA5 /* HomeHeaderReusableView.m in Sources */,
				6554A52D20F730290052BDA5 /* GuangfishFriendlistAPIManager.m in Sources */,
				6554A51220F6F7680052BDA5 /* GuangfishAPIUrlConfigManager.m in Sources */,
				6554A52120F7291F0052BDA5 /* GuangfishRegisterAPIManager.m in Sources */,
				6554A53920F734530052BDA5 /* GuangfishDrawAPIManager.m in Sources */,
				6554A4FA20F6F7680052BDA5 /* GuangfishAPIBaseManager.m in Sources */,
				6554A4FB20F6F7680052BDA5 /* GuangfishNetworkingManager.m in Sources */,
				6554A51120F6F7680052BDA5 /* GuangfishNetworking.m in Sources */,
			);
			runOnlyForDeploymentPostprocessing = 0;
		};
/* End PBXSourcesBuildPhase section */

/* Begin PBXVariantGroup section */
		6584EB4A20F63F9B009A381D /* Main.storyboard */ = {
			isa = PBXVariantGroup;
			children = (
				6584EB4B20F63F9B009A381D /* Base */,
			);
			name = Main.storyboard;
			sourceTree = "<group>";
		};
		6584EB4F20F63F9D009A381D /* LaunchScreen.storyboard */ = {
			isa = PBXVariantGroup;
			children = (
				6584EB5020F63F9D009A381D /* Base */,
			);
			name = LaunchScreen.storyboard;
			sourceTree = "<group>";
		};
/* End PBXVariantGroup section */

/* Begin XCBuildConfiguration section */
		6584EB5520F63F9D009A381D /* Debug */ = {
			isa = XCBuildConfiguration;
			buildSettings = {
				ALWAYS_SEARCH_USER_PATHS = NO;
				CLANG_ANALYZER_NONNULL = YES;
				CLANG_ANALYZER_NUMBER_OBJECT_CONVERSION = YES_AGGRESSIVE;
				CLANG_CXX_LANGUAGE_STANDARD = "gnu++14";
				CLANG_CXX_LIBRARY = "libc++";
				CLANG_ENABLE_MODULES = YES;
				CLANG_ENABLE_OBJC_ARC = YES;
				CLANG_ENABLE_OBJC_WEAK = YES;
				CLANG_WARN_BLOCK_CAPTURE_AUTORELEASING = YES;
				CLANG_WARN_BOOL_CONVERSION = YES;
				CLANG_WARN_COMMA = YES;
				CLANG_WARN_CONSTANT_CONVERSION = YES;
				CLANG_WARN_DEPRECATED_OBJC_IMPLEMENTATIONS = YES;
				CLANG_WARN_DIRECT_OBJC_ISA_USAGE = YES_ERROR;
				CLANG_WARN_DOCUMENTATION_COMMENTS = YES;
				CLANG_WARN_EMPTY_BODY = YES;
				CLANG_WARN_ENUM_CONVERSION = YES;
				CLANG_WARN_INFINITE_RECURSION = YES;
				CLANG_WARN_INT_CONVERSION = YES;
				CLANG_WARN_NON_LITERAL_NULL_CONVERSION = YES;
				CLANG_WARN_OBJC_IMPLICIT_RETAIN_SELF = YES;
				CLANG_WARN_OBJC_LITERAL_CONVERSION = YES;
				CLANG_WARN_OBJC_ROOT_CLASS = YES_ERROR;
				CLANG_WARN_RANGE_LOOP_ANALYSIS = YES;
				CLANG_WARN_STRICT_PROTOTYPES = YES;
				CLANG_WARN_SUSPICIOUS_MOVE = YES;
				CLANG_WARN_UNGUARDED_AVAILABILITY = YES_AGGRESSIVE;
				CLANG_WARN_UNREACHABLE_CODE = YES;
				CLANG_WARN__DUPLICATE_METHOD_MATCH = YES;
				CODE_SIGN_IDENTITY = "iPhone Developer";
				COPY_PHASE_STRIP = NO;
				DEBUG_INFORMATION_FORMAT = dwarf;
				ENABLE_STRICT_OBJC_MSGSEND = YES;
				ENABLE_TESTABILITY = YES;
				GCC_C_LANGUAGE_STANDARD = gnu11;
				GCC_DYNAMIC_NO_PIC = NO;
				GCC_NO_COMMON_BLOCKS = YES;
				GCC_OPTIMIZATION_LEVEL = 0;
				GCC_PREPROCESSOR_DEFINITIONS = (
					"DEBUG=1",
					"$(inherited)",
				);
				GCC_WARN_64_TO_32_BIT_CONVERSION = YES;
				GCC_WARN_ABOUT_RETURN_TYPE = YES_ERROR;
				GCC_WARN_UNDECLARED_SELECTOR = YES;
				GCC_WARN_UNINITIALIZED_AUTOS = YES_AGGRESSIVE;
				GCC_WARN_UNUSED_FUNCTION = YES;
				GCC_WARN_UNUSED_VARIABLE = YES;
				IPHONEOS_DEPLOYMENT_TARGET = 11.4;
				MTL_ENABLE_DEBUG_INFO = YES;
				ONLY_ACTIVE_ARCH = YES;
				SDKROOT = iphoneos;
			};
			name = Debug;
		};
		6584EB5620F63F9D009A381D /* Release */ = {
			isa = XCBuildConfiguration;
			buildSettings = {
				ALWAYS_SEARCH_USER_PATHS = NO;
				CLANG_ANALYZER_NONNULL = YES;
				CLANG_ANALYZER_NUMBER_OBJECT_CONVERSION = YES_AGGRESSIVE;
				CLANG_CXX_LANGUAGE_STANDARD = "gnu++14";
				CLANG_CXX_LIBRARY = "libc++";
				CLANG_ENABLE_MODULES = YES;
				CLANG_ENABLE_OBJC_ARC = YES;
				CLANG_ENABLE_OBJC_WEAK = YES;
				CLANG_WARN_BLOCK_CAPTURE_AUTORELEASING = YES;
				CLANG_WARN_BOOL_CONVERSION = YES;
				CLANG_WARN_COMMA = YES;
				CLANG_WARN_CONSTANT_CONVERSION = YES;
				CLANG_WARN_DEPRECATED_OBJC_IMPLEMENTATIONS = YES;
				CLANG_WARN_DIRECT_OBJC_ISA_USAGE = YES_ERROR;
				CLANG_WARN_DOCUMENTATION_COMMENTS = YES;
				CLANG_WARN_EMPTY_BODY = YES;
				CLANG_WARN_ENUM_CONVERSION = YES;
				CLANG_WARN_INFINITE_RECURSION = YES;
				CLANG_WARN_INT_CONVERSION = YES;
				CLANG_WARN_NON_LITERAL_NULL_CONVERSION = YES;
				CLANG_WARN_OBJC_IMPLICIT_RETAIN_SELF = YES;
				CLANG_WARN_OBJC_LITERAL_CONVERSION = YES;
				CLANG_WARN_OBJC_ROOT_CLASS = YES_ERROR;
				CLANG_WARN_RANGE_LOOP_ANALYSIS = YES;
				CLANG_WARN_STRICT_PROTOTYPES = YES;
				CLANG_WARN_SUSPICIOUS_MOVE = YES;
				CLANG_WARN_UNGUARDED_AVAILABILITY = YES_AGGRESSIVE;
				CLANG_WARN_UNREACHABLE_CODE = YES;
				CLANG_WARN__DUPLICATE_METHOD_MATCH = YES;
				CODE_SIGN_IDENTITY = "iPhone Developer";
				COPY_PHASE_STRIP = NO;
				DEBUG_INFORMATION_FORMAT = "dwarf-with-dsym";
				ENABLE_NS_ASSERTIONS = NO;
				ENABLE_STRICT_OBJC_MSGSEND = YES;
				GCC_C_LANGUAGE_STANDARD = gnu11;
				GCC_NO_COMMON_BLOCKS = YES;
				GCC_WARN_64_TO_32_BIT_CONVERSION = YES;
				GCC_WARN_ABOUT_RETURN_TYPE = YES_ERROR;
				GCC_WARN_UNDECLARED_SELECTOR = YES;
				GCC_WARN_UNINITIALIZED_AUTOS = YES_AGGRESSIVE;
				GCC_WARN_UNUSED_FUNCTION = YES;
				GCC_WARN_UNUSED_VARIABLE = YES;
				IPHONEOS_DEPLOYMENT_TARGET = 11.4;
				MTL_ENABLE_DEBUG_INFO = NO;
				SDKROOT = iphoneos;
				VALIDATE_PRODUCT = YES;
			};
			name = Release;
		};
		6584EB5820F63F9D009A381D /* Debug */ = {
			isa = XCBuildConfiguration;
			baseConfigurationReference = 4F4B50EB13D9012ED8AE1DA8 /* Pods-GuangFish.debug.xcconfig */;
			buildSettings = {
				ASSETCATALOG_COMPILER_APPICON_NAME = AppIcon;
				CODE_SIGN_STYLE = Automatic;
				DEVELOPMENT_TEAM = ZQZZ66UC68;
				INFOPLIST_FILE = GuangFish/Info.plist;
				IPHONEOS_DEPLOYMENT_TARGET = 9.0;
				LD_RUNPATH_SEARCH_PATHS = (
					"$(inherited)",
					"@executable_path/Frameworks",
				);
				PRODUCT_BUNDLE_IDENTIFIER = com.guangfish.GuangFish;
				PRODUCT_NAME = "$(TARGET_NAME)";
				TARGETED_DEVICE_FAMILY = "1,2";
			};
			name = Debug;
		};
		6584EB5920F63F9D009A381D /* Release */ = {
			isa = XCBuildConfiguration;
			baseConfigurationReference = EAC8F74D5F1BE7B8071D765E /* Pods-GuangFish.release.xcconfig */;
			buildSettings = {
				ASSETCATALOG_COMPILER_APPICON_NAME = AppIcon;
				CODE_SIGN_STYLE = Automatic;
				DEVELOPMENT_TEAM = ZQZZ66UC68;
				INFOPLIST_FILE = GuangFish/Info.plist;
				IPHONEOS_DEPLOYMENT_TARGET = 9.0;
				LD_RUNPATH_SEARCH_PATHS = (
					"$(inherited)",
					"@executable_path/Frameworks",
				);
				PRODUCT_BUNDLE_IDENTIFIER = com.guangfish.GuangFish;
				PRODUCT_NAME = "$(TARGET_NAME)";
				TARGETED_DEVICE_FAMILY = "1,2";
			};
			name = Release;
		};
/* End XCBuildConfiguration section */

/* Begin XCConfigurationList section */
		6584EB3C20F63F9B009A381D /* Build configuration list for PBXProject "GuangFish" */ = {
			isa = XCConfigurationList;
			buildConfigurations = (
				6584EB5520F63F9D009A381D /* Debug */,
				6584EB5620F63F9D009A381D /* Release */,
			);
			defaultConfigurationIsVisible = 0;
			defaultConfigurationName = Release;
		};
		6584EB5720F63F9D009A381D /* Build configuration list for PBXNativeTarget "GuangFish" */ = {
			isa = XCConfigurationList;
			buildConfigurations = (
				6584EB5820F63F9D009A381D /* Debug */,
				6584EB5920F63F9D009A381D /* Release */,
			);
			defaultConfigurationIsVisible = 0;
			defaultConfigurationName = Release;
		};
/* End XCConfigurationList section */
	};
	rootObject = 6584EB3920F63F9B009A381D /* Project object */;
}
